// !$*UTF8*$!
{
	archiveVersion = 1;
	classes = {
	};
	objectVersion = 50;
	objects = {

/* Begin PBXBuildFile section */
		3178C2EB261BFD1D004F627D /* FruitNutrientsView.swift in Sources */ = {isa = PBXBuildFile; fileRef = 3178C2EA261BFD1D004F627D /* FruitNutrientsView.swift */; };
		3178C2F1261C0B7B004F627D /* SettingsView.swift in Sources */ = {isa = PBXBuildFile; fileRef = 3178C2F0261C0B7B004F627D /* SettingsView.swift */; };
		3191D0C62613D08C00EEDE8D /* FructusApp.swift in Sources */ = {isa = PBXBuildFile; fileRef = 3191D0C52613D08C00EEDE8D /* FructusApp.swift */; };
		3191D0C82613D08C00EEDE8D /* ContentView.swift in Sources */ = {isa = PBXBuildFile; fileRef = 3191D0C72613D08C00EEDE8D /* ContentView.swift */; };
		3191D0CA2613D08C00EEDE8D /* Assets.xcassets in Resources */ = {isa = PBXBuildFile; fileRef = 3191D0C92613D08C00EEDE8D /* Assets.xcassets */; };
		3191D0CD2613D08C00EEDE8D /* Preview Assets.xcassets in Resources */ = {isa = PBXBuildFile; fileRef = 3191D0CC2613D08C00EEDE8D /* Preview Assets.xcassets */; };
		3191D0DC2613D5EC00EEDE8D /* FruitCardView.swift in Sources */ = {isa = PBXBuildFile; fileRef = 3191D0DB2613D5EC00EEDE8D /* FruitCardView.swift */; };
		3191D0DF2613D91000EEDE8D /* StartButtonView.swift in Sources */ = {isa = PBXBuildFile; fileRef = 3191D0DE2613D91000EEDE8D /* StartButtonView.swift */; };
		3191D0E22613DCF200EEDE8D /* OnboardingView.swift in Sources */ = {isa = PBXBuildFile; fileRef = 3191D0E12613DCF200EEDE8D /* OnboardingView.swift */; };
		3191D0E72613ED7500EEDE8D /* FruitModel.swift in Sources */ = {isa = PBXBuildFile; fileRef = 3191D0E62613ED7500EEDE8D /* FruitModel.swift */; };
		3191D0EC2613F20400EEDE8D /* FruitData.swift in Sources */ = {isa = PBXBuildFile; fileRef = 3191D0EB2613F20400EEDE8D /* FruitData.swift */; };
		3191D0F3261432A300EEDE8D /* FruitRowView.swift in Sources */ = {isa = PBXBuildFile; fileRef = 3191D0F2261432A300EEDE8D /* FruitRowView.swift */; };
		3191D0F8261438B300EEDE8D /* FruitDetailView.swift in Sources */ = {isa = PBXBuildFile; fileRef = 3191D0F7261438B300EEDE8D /* FruitDetailView.swift */; };
		31F3E0632614458200B6C5CC /* FruitHeaderView.swift in Sources */ = {isa = PBXBuildFile; fileRef = 31F3E0622614458200B6C5CC /* FruitHeaderView.swift */; };
		31F3E0662614B41B00B6C5CC /* SourceLinkView.swift in Sources */ = {isa = PBXBuildFile; fileRef = 31F3E0652614B41B00B6C5CC /* SourceLinkView.swift */; };
/* End PBXBuildFile section */

/* Begin PBXFileReference section */
		3178C2EA261BFD1D004F627D /* FruitNutrientsView.swift */ = {isa = PBXFileReference; lastKnownFileType = sourcecode.swift; path = FruitNutrientsView.swift; sourceTree = "<group>"; };
		3178C2F0261C0B7B004F627D /* SettingsView.swift */ = {isa = PBXFileReference; lastKnownFileType = sourcecode.swift; path = SettingsView.swift; sourceTree = "<group>"; };
		3191D0C22613D08B00EEDE8D /* Fructus.app */ = {isa = PBXFileReference; explicitFileType = wrapper.application; includeInIndex = 0; path = Fructus.app; sourceTree = BUILT_PRODUCTS_DIR; };
		3191D0C52613D08C00EEDE8D /* FructusApp.swift */ = {isa = PBXFileReference; lastKnownFileType = sourcecode.swift; path = FructusApp.swift; sourceTree = "<group>"; };
		3191D0C72613D08C00EEDE8D /* ContentView.swift */ = {isa = PBXFileReference; lastKnownFileType = sourcecode.swift; path = ContentView.swift; sourceTree = "<group>"; };
		3191D0C92613D08C00EEDE8D /* Assets.xcassets */ = {isa = PBXFileReference; lastKnownFileType = folder.assetcatalog; path = Assets.xcassets; sourceTree = "<group>"; };
		3191D0CC2613D08C00EEDE8D /* Preview Assets.xcassets */ = {isa = PBXFileReference; lastKnownFileType = folder.assetcatalog; path = "Preview Assets.xcassets"; sourceTree = "<group>"; };
		3191D0CE2613D08C00EEDE8D /* Info.plist */ = {isa = PBXFileReference; lastKnownFileType = text.plist.xml; path = Info.plist; sourceTree = "<group>"; };
		3191D0DB2613D5EC00EEDE8D /* FruitCardView.swift */ = {isa = PBXFileReference; lastKnownFileType = sourcecode.swift; path = FruitCardView.swift; sourceTree = "<group>"; };
		3191D0DE2613D91000EEDE8D /* StartButtonView.swift */ = {isa = PBXFileReference; lastKnownFileType = sourcecode.swift; path = StartButtonView.swift; sourceTree = "<group>"; };
		3191D0E12613DCF200EEDE8D /* OnboardingView.swift */ = {isa = PBXFileReference; lastKnownFileType = sourcecode.swift; path = OnboardingView.swift; sourceTree = "<group>"; };
		3191D0E62613ED7500EEDE8D /* FruitModel.swift */ = {isa = PBXFileReference; lastKnownFileType = sourcecode.swift; path = FruitModel.swift; sourceTree = "<group>"; };
		3191D0EB2613F20400EEDE8D /* FruitData.swift */ = {isa = PBXFileReference; lastKnownFileType = sourcecode.swift; path = FruitData.swift; sourceTree = "<group>"; };
		3191D0F2261432A300EEDE8D /* FruitRowView.swift */ = {isa = PBXFileReference; lastKnownFileType = sourcecode.swift; path = FruitRowView.swift; sourceTree = "<group>"; };
		3191D0F7261438B300EEDE8D /* FruitDetailView.swift */ = {isa = PBXFileReference; lastKnownFileType = sourcecode.swift; path = FruitDetailView.swift; sourceTree = "<group>"; };
		31F3E0622614458200B6C5CC /* FruitHeaderView.swift */ = {isa = PBXFileReference; lastKnownFileType = sourcecode.swift; path = FruitHeaderView.swift; sourceTree = "<group>"; };
		31F3E0652614B41B00B6C5CC /* SourceLinkView.swift */ = {isa = PBXFileReference; lastKnownFileType = sourcecode.swift; path = SourceLinkView.swift; sourceTree = "<group>"; };
/* End PBXFileReference section */

/* Begin PBXFrameworksBuildPhase section */
		3191D0BF2613D08B00EEDE8D /* Frameworks */ = {
			isa = PBXFrameworksBuildPhase;
			buildActionMask = 2147483647;
			files = (
			);
			runOnlyForDeploymentPostprocessing = 0;
		};
/* End PBXFrameworksBuildPhase section */

/* Begin PBXGroup section */
		3191D0B92613D08B00EEDE8D = {
			isa = PBXGroup;
			children = (
				3191D0C42613D08B00EEDE8D /* Fructus */,
				3191D0C32613D08B00EEDE8D /* Products */,
			);
			sourceTree = "<group>";
		};
		3191D0C32613D08B00EEDE8D /* Products */ = {
			isa = PBXGroup;
			children = (
				3191D0C22613D08B00EEDE8D /* Fructus.app */,
			);
			name = Products;
			sourceTree = "<group>";
		};
		3191D0C42613D08B00EEDE8D /* Fructus */ = {
			isa = PBXGroup;
			children = (
				3191D0D72613D59300EEDE8D /* App */,
				3191D0DA2613D5C500EEDE8D /* View */,
				3191D0EA2613F1F200EEDE8D /* Data */,
				3191D0E52613ED5A00EEDE8D /* Model */,
				3191D0C92613D08C00EEDE8D /* Assets.xcassets */,
				3191D0CE2613D08C00EEDE8D /* Info.plist */,
				3191D0CB2613D08C00EEDE8D /* Preview Content */,
			);
			path = Fructus;
			sourceTree = "<group>";
		};
		3191D0CB2613D08C00EEDE8D /* Preview Content */ = {
			isa = PBXGroup;
			children = (
				3191D0CC2613D08C00EEDE8D /* Preview Assets.xcassets */,
			);
			path = "Preview Content";
			sourceTree = "<group>";
		};
		3191D0D72613D59300EEDE8D /* App */ = {
			isa = PBXGroup;
			children = (
				3191D0C52613D08C00EEDE8D /* FructusApp.swift */,
				3191D0C72613D08C00EEDE8D /* ContentView.swift */,
				3191D0E12613DCF200EEDE8D /* OnboardingView.swift */,
				3191D0F7261438B300EEDE8D /* FruitDetailView.swift */,
				3178C2F0261C0B7B004F627D /* SettingsView.swift */,
			);
			path = App;
			sourceTree = "<group>";
		};
		3191D0DA2613D5C500EEDE8D /* View */ = {
			isa = PBXGroup;
			children = (
				3191D0DB2613D5EC00EEDE8D /* FruitCardView.swift */,
				3191D0DE2613D91000EEDE8D /* StartButtonView.swift */,
				3191D0F2261432A300EEDE8D /* FruitRowView.swift */,
				31F3E0622614458200B6C5CC /* FruitHeaderView.swift */,
				31F3E0652614B41B00B6C5CC /* SourceLinkView.swift */,
				3178C2EA261BFD1D004F627D /* FruitNutrientsView.swift */,
			);
			path = View;
			sourceTree = "<group>";
		};
		3191D0E52613ED5A00EEDE8D /* Model */ = {
			isa = PBXGroup;
			children = (
				3191D0E62613ED7500EEDE8D /* FruitModel.swift */,
			);
			path = Model;
			sourceTree = "<group>";
		};
		3191D0EA2613F1F200EEDE8D /* Data */ = {
			isa = PBXGroup;
			children = (
				3191D0EB2613F20400EEDE8D /* FruitData.swift */,
			);
			path = Data;
			sourceTree = "<group>";
		};
/* End PBXGroup section */

/* Begin PBXNativeTarget section */
		3191D0C12613D08B00EEDE8D /* Fructus */ = {
			isa = PBXNativeTarget;
			buildConfigurationList = 3191D0D12613D08C00EEDE8D /* Build configuration list for PBXNativeTarget "Fructus" */;
			buildPhases = (
				3191D0BE2613D08B00EEDE8D /* Sources */,
				3191D0BF2613D08B00EEDE8D /* Frameworks */,
				3191D0C02613D08B00EEDE8D /* Resources */,
			);
			buildRules = (
			);
			dependencies = (
			);
			name = Fructus;
			productName = Fructus;
			productReference = 3191D0C22613D08B00EEDE8D /* Fructus.app */;
			productType = "com.apple.product-type.application";
		};
/* End PBXNativeTarget section */

/* Begin PBXProject section */
		3191D0BA2613D08B00EEDE8D /* Project object */ = {
			isa = PBXProject;
			attributes = {
				LastSwiftUpdateCheck = 1240;
				LastUpgradeCheck = 1240;
				TargetAttributes = {
					3191D0C12613D08B00EEDE8D = {
						CreatedOnToolsVersion = 12.4;
					};
				};
			};
			buildConfigurationList = 3191D0BD2613D08B00EEDE8D /* Build configuration list for PBXProject "Fructus" */;
			compatibilityVersion = "Xcode 9.3";
			developmentRegion = en;
			hasScannedForEncodings = 0;
			knownRegions = (
				en,
				Base,
			);
			mainGroup = 3191D0B92613D08B00EEDE8D;
			productRefGroup = 3191D0C32613D08B00EEDE8D /* Products */;
			projectDirPath = "";
			projectRoot = "";
			targets = (
				3191D0C12613D08B00EEDE8D /* Fructus */,
			);
		};
/* End PBXProject section */

/* Begin PBXResourcesBuildPhase section */
		3191D0C02613D08B00EEDE8D /* Resources */ = {
			isa = PBXResourcesBuildPhase;
			buildActionMask = 2147483647;
			files = (
				3191D0CD2613D08C00EEDE8D /* Preview Assets.xcassets in Resources */,
				3191D0CA2613D08C00EEDE8D /* Assets.xcassets in Resources */,
			);
			runOnlyForDeploymentPostprocessing = 0;
		};
/* End PBXResourcesBuildPhase section */

/* Begin PBXSourcesBuildPhase section */
		3191D0BE2613D08B00EEDE8D /* Sources */ = {
			isa = PBXSourcesBuildPhase;
			buildActionMask = 2147483647;
			files = (
				3191D0EC2613F20400EEDE8D /* FruitData.swift in Sources */,
				31F3E0662614B41B00B6C5CC /* SourceLinkView.swift in Sources */,
				3191D0DC2613D5EC00EEDE8D /* FruitCardView.swift in Sources */,
				3191D0F3261432A300EEDE8D /* FruitRowView.swift in Sources */,
				3178C2EB261BFD1D004F627D /* FruitNutrientsView.swift in Sources */,
				3191D0DF2613D91000EEDE8D /* StartButtonView.swift in Sources */,
				3191D0F8261438B300EEDE8D /* FruitDetailView.swift in Sources */,
				3191D0C82613D08C00EEDE8D /* ContentView.swift in Sources */,
				31F3E0632614458200B6C5CC /* FruitHeaderView.swift in Sources */,
				3191D0E22613DCF200EEDE8D /* OnboardingView.swift in Sources */,
				3191D0E72613ED7500EEDE8D /* FruitModel.swift in Sources */,
				3191D0C62613D08C00EEDE8D /* FructusApp.swift in Sources */,
				3178C2F1261C0B7B004F627D /* SettingsView.swift in Sources */,
			);
			runOnlyForDeploymentPostprocessing = 0;
		};
/* End PBXSourcesBuildPhase section */

/* Begin XCBuildConfiguration section */
		3191D0CF2613D08C00EEDE8D /* Debug */ = {
			isa = XCBuildConfiguration;
			buildSettings = {
				ALWAYS_SEARCH_USER_PATHS = NO;
				CLANG_ANALYZER_NONNULL = YES;
				CLANG_ANALYZER_NUMBER_OBJECT_CONVERSION = YES_AGGRESSIVE;
				CLANG_CXX_LANGUAGE_STANDARD = "gnu++14";
				CLANG_CXX_LIBRARY = "libc++";
				CLANG_ENABLE_MODULES = YES;
				CLANG_ENABLE_OBJC_ARC = YES;
				CLANG_ENABLE_OBJC_WEAK = YES;
				CLANG_WARN_BLOCK_CAPTURE_AUTORELEASING = YES;
				CLANG_WARN_BOOL_CONVERSION = YES;
				CLANG_WARN_COMMA = YES;
				CLANG_WARN_CONSTANT_CONVERSION = YES;
				CLANG_WARN_DEPRECATED_OBJC_IMPLEMENTATIONS = YES;
				CLANG_WARN_DIRECT_OBJC_ISA_USAGE = YES_ERROR;
				CLANG_WARN_DOCUMENTATION_COMMENTS = YES;
				CLANG_WARN_EMPTY_BODY = YES;
				CLANG_WARN_ENUM_CONVERSION = YES;
				CLANG_WARN_INFINITE_RECURSION = YES;
				CLANG_WARN_INT_CONVERSION = YES;
				CLANG_WARN_NON_LITERAL_NULL_CONVERSION = YES;
				CLANG_WARN_OBJC_IMPLICIT_RETAIN_SELF = YES;
				CLANG_WARN_OBJC_LITERAL_CONVERSION = YES;
				CLANG_WARN_OBJC_ROOT_CLASS = YES_ERROR;
				CLANG_WARN_QUOTED_INCLUDE_IN_FRAMEWORK_HEADER = YES;
				CLANG_WARN_RANGE_LOOP_ANALYSIS = YES;
				CLANG_WARN_STRICT_PROTOTYPES = YES;
				CLANG_WARN_SUSPICIOUS_MOVE = YES;
				CLANG_WARN_UNGUARDED_AVAILABILITY = YES_AGGRESSIVE;
				CLANG_WARN_UNREACHABLE_CODE = YES;
				CLANG_WARN__DUPLICATE_METHOD_MATCH = YES;
				COPY_PHASE_STRIP = NO;
				DEBUG_INFORMATION_FORMAT = dwarf;
				ENABLE_STRICT_OBJC_MSGSEND = YES;
				ENABLE_TESTABILITY = YES;
				GCC_C_LANGUAGE_STANDARD = gnu11;
				GCC_DYNAMIC_NO_PIC = NO;
				GCC_NO_COMMON_BLOCKS = YES;
				GCC_OPTIMIZATION_LEVEL = 0;
				GCC_PREPROCESSOR_DEFINITIONS = (
					"DEBUG=1",
					"$(inherited)",
				);
				GCC_WARN_64_TO_32_BIT_CONVERSION = YES;
				GCC_WARN_ABOUT_RETURN_TYPE = YES_ERROR;
				GCC_WARN_UNDECLARED_SELECTOR = YES;
				GCC_WARN_UNINITIALIZED_AUTOS = YES_AGGRESSIVE;
				GCC_WARN_UNUSED_FUNCTION = YES;
				GCC_WARN_UNUSED_VARIABLE = YES;
				IPHONEOS_DEPLOYMENT_TARGET = 14.4;
				MTL_ENABLE_DEBUG_INFO = INCLUDE_SOURCE;
				MTL_FAST_MATH = YES;
				ONLY_ACTIVE_ARCH = YES;
				SDKROOT = iphoneos;
				SWIFT_ACTIVE_COMPILATION_CONDITIONS = DEBUG;
				SWIFT_OPTIMIZATION_LEVEL = "-Onone";
			};
			name = Debug;
		};
		3191D0D02613D08C00EEDE8D /* Release */ = {
			isa = XCBuildConfiguration;
			buildSettings = {
				ALWAYS_SEARCH_USER_PATHS = NO;
				CLANG_ANALYZER_NONNULL = YES;
				CLANG_ANALYZER_NUMBER_OBJECT_CONVERSION = YES_AGGRESSIVE;
				CLANG_CXX_LANGUAGE_STANDARD = "gnu++14";
				CLANG_CXX_LIBRARY = "libc++";
				CLANG_ENABLE_MODULES = YES;
				CLANG_ENABLE_OBJC_ARC = YES;
				CLANG_ENABLE_OBJC_WEAK = YES;
				CLANG_WARN_BLOCK_CAPTURE_AUTORELEASING = YES;
				CLANG_WARN_BOOL_CONVERSION = YES;
				CLANG_WARN_COMMA = YES;
				CLANG_WARN_CONSTANT_CONVERSION = YES;
				CLANG_WARN_DEPRECATED_OBJC_IMPLEMENTATIONS = YES;
				CLANG_WARN_DIRECT_OBJC_ISA_USAGE = YES_ERROR;
				CLANG_WARN_DOCUMENTATION_COMMENTS = YES;
				CLANG_WARN_EMPTY_BODY = YES;
				CLANG_WARN_ENUM_CONVERSION = YES;
				CLANG_WARN_INFINITE_RECURSION = YES;
				CLANG_WARN_INT_CONVERSION = YES;
				CLANG_WARN_NON_LITERAL_NULL_CONVERSION = YES;
				CLANG_WARN_OBJC_IMPLICIT_RETAIN_SELF = YES;
				CLANG_WARN_OBJC_LITERAL_CONVERSION = YES;
				CLANG_WARN_OBJC_ROOT_CLASS = YES_ERROR;
				CLANG_WARN_QUOTED_INCLUDE_IN_FRAMEWORK_HEADER = YES;
				CLANG_WARN_RANGE_LOOP_ANALYSIS = YES;
				CLANG_WARN_STRICT_PROTOTYPES = YES;
				CLANG_WARN_SUSPICIOUS_MOVE = YES;
				CLANG_WARN_UNGUARDED_AVAILABILITY = YES_AGGRESSIVE;
				CLANG_WARN_UNREACHABLE_CODE = YES;
				CLANG_WARN__DUPLICATE_METHOD_MATCH = YES;
				COPY_PHASE_STRIP = NO;
				DEBUG_INFORMATION_FORMAT = "dwarf-with-dsym";
				ENABLE_NS_ASSERTIONS = NO;
				ENABLE_STRICT_OBJC_MSGSEND = YES;
				GCC_C_LANGUAGE_STANDARD = gnu11;
				GCC_NO_COMMON_BLOCKS = YES;
				GCC_WARN_64_TO_32_BIT_CONVERSION = YES;
				GCC_WARN_ABOUT_RETURN_TYPE = YES_ERROR;
				GCC_WARN_UNDECLARED_SELECTOR = YES;
				GCC_WARN_UNINITIALIZED_AUTOS = YES_AGGRESSIVE;
				GCC_WARN_UNUSED_FUNCTION = YES;
				GCC_WARN_UNUSED_VARIABLE = YES;
				IPHONEOS_DEPLOYMENT_TARGET = 14.4;
				MTL_ENABLE_DEBUG_INFO = NO;
				MTL_FAST_MATH = YES;
				SDKROOT = iphoneos;
				SWIFT_COMPILATION_MODE = wholemodule;
				SWIFT_OPTIMIZATION_LEVEL = "-O";
				VALIDATE_PRODUCT = YES;
			};
			name = Release;
		};
		3191D0D22613D08C00EEDE8D /* Debug */ = {
			isa = XCBuildConfiguration;
			buildSettings = {
				ASSETCATALOG_COMPILER_APPICON_NAME = AppIcon;
				ASSETCATALOG_COMPILER_GLOBAL_ACCENT_COLOR_NAME = AccentColor;
				CODE_SIGN_STYLE = Automatic;
				DEVELOPMENT_ASSET_PATHS = "\"Fructus/Preview Content\"";
				DEVELOPMENT_TEAM = YDBB8774WP;
				ENABLE_PREVIEWS = YES;
				INFOPLIST_FILE = Fructus/Info.plist;
				IPHONEOS_DEPLOYMENT_TARGET = 14.0;
				LD_RUNPATH_SEARCH_PATHS = (
					"$(inherited)",
					"@executable_path/Frameworks",
				);
				PRODUCT_BUNDLE_IDENTIFIER = com.kyoheo.Fructus;
				PRODUCT_NAME = "$(TARGET_NAME)";
				SWIFT_VERSION = 5.0;
				TARGETED_DEVICE_FAMILY = "1,2";
			};
			name = Debug;
		};
		3191D0D32613D08C00EEDE8D /* Release */ = {
			isa = XCBuildConfiguration;
			buildSettings = {
				ASSETCATALOG_COMPILER_APPICON_NAME = AppIcon;
				ASSETCATALOG_COMPILER_GLOBAL_ACCENT_COLOR_NAME = AccentColor;
				CODE_SIGN_STYLE = Automatic;
				DEVELOPMENT_ASSET_PATHS = "\"Fructus/Preview Content\"";
				DEVELOPMENT_TEAM = YDBB8774WP;
				ENABLE_PREVIEWS = YES;
				INFOPLIST_FILE = Fructus/Info.plist;
				IPHONEOS_DEPLOYMENT_TARGET = 14.0;
				LD_RUNPATH_SEARCH_PATHS = (
					"$(inherited)",
					"@executable_path/Frameworks",
				);
				PRODUCT_BUNDLE_IDENTIFIER = com.kyoheo.Fructus;
				PRODUCT_NAME = "$(TARGET_NAME)";
				SWIFT_VERSION = 5.0;
				TARGETED_DEVICE_FAMILY = "1,2";
			};
			name = Release;
		};
/* End XCBuildConfiguration section */

/* Begin XCConfigurationList section */
		3191D0BD2613D08B00EEDE8D /* Build configuration list for PBXProject "Fructus" */ = {
			isa = XCConfigurationList;
			buildConfigurations = (
				3191D0CF2613D08C00EEDE8D /* Debug */,
				3191D0D02613D08C00EEDE8D /* Release */,
			);
			defaultConfigurationIsVisible = 0;
			defaultConfigurationName = Release;
		};
		3191D0D12613D08C00EEDE8D /* Build configuration list for PBXNativeTarget "Fructus" */ = {
			isa = XCConfigurationList;
			buildConfigurations = (
				3191D0D22613D08C00EEDE8D /* Debug */,
				3191D0D32613D08C00EEDE8D /* Release */,
			);
			defaultConfigurationIsVisible = 0;
			defaultConfigurationName = Release;
		};
/* End XCConfigurationList section */
	};
	rootObject = 3191D0BA2613D08B00EEDE8D /* Project object */;
}
